
Microsoft Visual Studio Solution File, Format Version 12.00
# Visual Studio Version 16
VisualStudioVersion = 16.0.29215.179
MinimumVisualStudioVersion = 10.0.40219.1
Project("{FAE04EC0-301F-11D3-BF4B-00C04F79EFBC}") = "CircusTrain", "CircusTrain\CircusTrain.csproj", "{F6232684-F6BD-4025-8A55-74E0FBC89270}"
EndProject
Global
	GlobalSection(SolutionConfigurationPlatforms) = preSolution
		Debug|Any CPU = Debug|Any CPU
		Release|Any CPU = Release|Any CPU
	EndGlobalSection
	GlobalSection(ProjectConfigurationPlatforms) = postSolution
		{F6232684-F6BD-4025-8A55-74E0FBC89270}.Debug|Any CPU.ActiveCfg = Debug|Any CPU
		{F6232684-F6BD-4025-8A55-74E0FBC89270}.Debug|Any CPU.Build.0 = Debug|Any CPU
		{F6232684-F6BD-4025-8A55-74E0FBC89270}.Release|Any CPU.ActiveCfg = Release|Any CPU
		{F6232684-F6BD-4025-8A55-74E0FBC89270}.Release|Any CPU.Build.0 = Release|Any CPU
	EndGlobalSection
	GlobalSection(SolutionProperties) = preSolution
		HideSolutionNode = FALSE
	EndGlobalSection
	GlobalSection(ExtensibilityGlobals) = postSolution
		SolutionGuid = {E8F04333-01A5-4E95-828A-738F54147758}
	EndGlobalSection
EndGlobal
